// !$*UTF8*$!
{
	archiveVersion = 1;
	classes = {
	};
	objectVersion = 77;
	objects = {

/* Begin PBXBuildFile section */
		1F6708322D8A67D500B8137F /* AppDelegate.swift in Sources */ = {isa = PBXBuildFile; fileRef = 1F6708312D8A67D500B8137F /* AppDelegate.swift */; };
		1F6708342D8A67D500B8137F /* SceneDelegate.swift in Sources */ = {isa = PBXBuildFile; fileRef = 1F6708332D8A67D500B8137F /* SceneDelegate.swift */; };
		1F6708372D8A67D500B8137F /* LaunchScreen.storyboard in Resources */ = {isa = PBXBuildFile; fileRef = 1F6708352D8A67D500B8137F /* LaunchScreen.storyboard */; };
		1F67083A2D8A67D500B8137F /* Main.storyboard in Resources */ = {isa = PBXBuildFile; fileRef = 1F6708382D8A67D500B8137F /* Main.storyboard */; };
		1F6708432D8A67D500B8137F /* AppDelegate.swift in Sources */ = {isa = PBXBuildFile; fileRef = 1F6708422D8A67D500B8137F /* AppDelegate.swift */; };
		1F6708462D8A67D500B8137F /* Main.storyboard in Resources */ = {isa = PBXBuildFile; fileRef = 1F6708442D8A67D500B8137F /* Main.storyboard */; };
		1F67084E2D8A67D500B8137F /* Clean Column X.com Extension.appex in Embed Foundation Extensions */ = {isa = PBXBuildFile; fileRef = 1F67084D2D8A67D500B8137F /* Clean Column X.com Extension.appex */; settings = {ATTRIBUTES = (RemoveHeadersOnCopy, ); }; };
		1F6708582D8A67D500B8137F /* Clean Column X.com Extension.appex in Embed Foundation Extensions */ = {isa = PBXBuildFile; fileRef = 1F6708572D8A67D500B8137F /* Clean Column X.com Extension.appex */; settings = {ATTRIBUTES = (RemoveHeadersOnCopy, ); }; };
		1F67085E2D8A67D500B8137F /* Main.html in Resources */ = {isa = PBXBuildFile; fileRef = 1F6708212D8A67D500B8137F /* Main.html */; };
		1F67085F2D8A67D500B8137F /* Main.html in Resources */ = {isa = PBXBuildFile; fileRef = 1F6708212D8A67D500B8137F /* Main.html */; };
		1F6708602D8A67D500B8137F /* Icon.png in Resources */ = {isa = PBXBuildFile; fileRef = 1F6708232D8A67D500B8137F /* Icon.png */; };
		1F6708612D8A67D500B8137F /* Icon.png in Resources */ = {isa = PBXBuildFile; fileRef = 1F6708232D8A67D500B8137F /* Icon.png */; };
		1F6708622D8A67D500B8137F /* Style.css in Resources */ = {isa = PBXBuildFile; fileRef = 1F6708242D8A67D500B8137F /* Style.css */; };
		1F6708632D8A67D500B8137F /* Style.css in Resources */ = {isa = PBXBuildFile; fileRef = 1F6708242D8A67D500B8137F /* Style.css */; };
		1F6708642D8A67D500B8137F /* Script.js in Resources */ = {isa = PBXBuildFile; fileRef = 1F6708252D8A67D500B8137F /* Script.js */; };
		1F6708652D8A67D500B8137F /* Script.js in Resources */ = {isa = PBXBuildFile; fileRef = 1F6708252D8A67D500B8137F /* Script.js */; };
		1F6708662D8A67D500B8137F /* ViewController.swift in Sources */ = {isa = PBXBuildFile; fileRef = 1F6708262D8A67D500B8137F /* ViewController.swift */; };
		1F6708672D8A67D500B8137F /* ViewController.swift in Sources */ = {isa = PBXBuildFile; fileRef = 1F6708262D8A67D500B8137F /* ViewController.swift */; };
		1F6708682D8A67D500B8137F /* Assets.xcassets in Resources */ = {isa = PBXBuildFile; fileRef = 1F6708272D8A67D500B8137F /* Assets.xcassets */; };
		1F6708692D8A67D500B8137F /* Assets.xcassets in Resources */ = {isa = PBXBuildFile; fileRef = 1F6708272D8A67D500B8137F /* Assets.xcassets */; };
		1F67086A2D8A67D500B8137F /* SafariWebExtensionHandler.swift in Sources */ = {isa = PBXBuildFile; fileRef = 1F6708292D8A67D500B8137F /* SafariWebExtensionHandler.swift */; };
		1F67086B2D8A67D500B8137F /* SafariWebExtensionHandler.swift in Sources */ = {isa = PBXBuildFile; fileRef = 1F6708292D8A67D500B8137F /* SafariWebExtensionHandler.swift */; };
		1F6708812D8A67D500B8137F /* styles.css in Resources */ = {isa = PBXBuildFile; fileRef = 1F67087D2D8A67D500B8137F /* styles.css */; };
		1F6708822D8A67D500B8137F /* icons in Resources */ = {isa = PBXBuildFile; fileRef = 1F67087E2D8A67D500B8137F /* icons */; };
		1F6708832D8A67D500B8137F /* manifest.json in Resources */ = {isa = PBXBuildFile; fileRef = 1F67087F2D8A67D500B8137F /* manifest.json */; };
		1F6708842D8A67D500B8137F /* LICENSE.txt in Resources */ = {isa = PBXBuildFile; fileRef = 1F6708802D8A67D500B8137F /* LICENSE.txt */; };
		1F6708852D8A67D500B8137F /* styles.css in Resources */ = {isa = PBXBuildFile; fileRef = 1F67087D2D8A67D500B8137F /* styles.css */; };
		1F6708862D8A67D500B8137F /* icons in Resources */ = {isa = PBXBuildFile; fileRef = 1F67087E2D8A67D500B8137F /* icons */; };
		1F6708872D8A67D500B8137F /* manifest.json in Resources */ = {isa = PBXBuildFile; fileRef = 1F67087F2D8A67D500B8137F /* manifest.json */; };
		1F6708882D8A67D500B8137F /* LICENSE.txt in Resources */ = {isa = PBXBuildFile; fileRef = 1F6708802D8A67D500B8137F /* LICENSE.txt */; };
/* End PBXBuildFile section */

/* Begin PBXContainerItemProxy section */
		1F67084F2D8A67D500B8137F /* PBXContainerItemProxy */ = {
			isa = PBXContainerItemProxy;
			containerPortal = 1F67081B2D8A67D500B8137F /* Project object */;
			proxyType = 1;
			remoteGlobalIDString = 1F67084C2D8A67D500B8137F;
			remoteInfo = "Clean Column X.com Extension (iOS)";
		};
		1F6708592D8A67D500B8137F /* PBXContainerItemProxy */ = {
			isa = PBXContainerItemProxy;
			containerPortal = 1F67081B2D8A67D500B8137F /* Project object */;
			proxyType = 1;
			remoteGlobalIDString = 1F6708562D8A67D500B8137F;
			remoteInfo = "Clean Column X.com Extension (macOS)";
		};
/* End PBXContainerItemProxy section */

/* Begin PBXCopyFilesBuildPhase section */
		1F6708712D8A67D500B8137F /* Embed Foundation Extensions */ = {
			isa = PBXCopyFilesBuildPhase;
			buildActionMask = 2147483647;
			dstPath = "";
			dstSubfolderSpec = 13;
			files = (
				1F67084E2D8A67D500B8137F /* Clean Column X.com Extension.appex in Embed Foundation Extensions */,
			);
			name = "Embed Foundation Extensions";
			runOnlyForDeploymentPostprocessing = 0;
		};
		1F6708782D8A67D500B8137F /* Embed Foundation Extensions */ = {
			isa = PBXCopyFilesBuildPhase;
			buildActionMask = 2147483647;
			dstPath = "";
			dstSubfolderSpec = 13;
			files = (
				1F6708582D8A67D500B8137F /* Clean Column X.com Extension.appex in Embed Foundation Extensions */,
			);
			name = "Embed Foundation Extensions";
			runOnlyForDeploymentPostprocessing = 0;
		};
/* End PBXCopyFilesBuildPhase section */

/* Begin PBXFileReference section */
		1F6708222D8A67D500B8137F /* Base */ = {isa = PBXFileReference; lastKnownFileType = text.html; name = Base; path = Base.lproj/Main.html; sourceTree = "<group>"; };
		1F6708232D8A67D500B8137F /* Icon.png */ = {isa = PBXFileReference; lastKnownFileType = image.png; path = Icon.png; sourceTree = "<group>"; };
		1F6708242D8A67D500B8137F /* Style.css */ = {isa = PBXFileReference; lastKnownFileType = text.css; path = Style.css; sourceTree = "<group>"; };
		1F6708252D8A67D500B8137F /* Script.js */ = {isa = PBXFileReference; lastKnownFileType = sourcecode.javascript; path = Script.js; sourceTree = "<group>"; };
		1F6708262D8A67D500B8137F /* ViewController.swift */ = {isa = PBXFileReference; lastKnownFileType = sourcecode.swift; path = ViewController.swift; sourceTree = "<group>"; };
		1F6708272D8A67D500B8137F /* Assets.xcassets */ = {isa = PBXFileReference; lastKnownFileType = folder.assetcatalog; path = Assets.xcassets; sourceTree = "<group>"; };
		1F6708292D8A67D500B8137F /* SafariWebExtensionHandler.swift */ = {isa = PBXFileReference; lastKnownFileType = sourcecode.swift; path = SafariWebExtensionHandler.swift; sourceTree = "<group>"; };
		1F67082E2D8A67D500B8137F /* Clean Column X.com.app */ = {isa = PBXFileReference; explicitFileType = wrapper.application; includeInIndex = 0; path = "Clean Column X.com.app"; sourceTree = BUILT_PRODUCTS_DIR; };
		1F6708312D8A67D500B8137F /* AppDelegate.swift */ = {isa = PBXFileReference; lastKnownFileType = sourcecode.swift; path = AppDelegate.swift; sourceTree = "<group>"; };
		1F6708332D8A67D500B8137F /* SceneDelegate.swift */ = {isa = PBXFileReference; lastKnownFileType = sourcecode.swift; path = SceneDelegate.swift; sourceTree = "<group>"; };
		1F6708362D8A67D500B8137F /* Base */ = {isa = PBXFileReference; lastKnownFileType = file.storyboard; name = Base; path = Base.lproj/LaunchScreen.storyboard; sourceTree = "<group>"; };
		1F6708392D8A67D500B8137F /* Base */ = {isa = PBXFileReference; lastKnownFileType = file.storyboard; name = Base; path = Base.lproj/Main.storyboard; sourceTree = "<group>"; };
		1F67083B2D8A67D500B8137F /* Info.plist */ = {isa = PBXFileReference; lastKnownFileType = text.plist.xml; path = Info.plist; sourceTree = "<group>"; };
		1F6708402D8A67D500B8137F /* Clean Column X.com.app */ = {isa = PBXFileReference; explicitFileType = wrapper.application; includeInIndex = 0; path = "Clean Column X.com.app"; sourceTree = BUILT_PRODUCTS_DIR; };
		1F6708422D8A67D500B8137F /* AppDelegate.swift */ = {isa = PBXFileReference; lastKnownFileType = sourcecode.swift; path = AppDelegate.swift; sourceTree = "<group>"; };
		1F6708452D8A67D500B8137F /* Base */ = {isa = PBXFileReference; lastKnownFileType = file.storyboard; name = Base; path = Base.lproj/Main.storyboard; sourceTree = "<group>"; };
		1F6708472D8A67D500B8137F /* Info.plist */ = {isa = PBXFileReference; lastKnownFileType = text.plist.xml; path = Info.plist; sourceTree = "<group>"; };
		1F6708482D8A67D500B8137F /* Clean Column X.com.entitlements */ = {isa = PBXFileReference; lastKnownFileType = text.plist.entitlements; path = "Clean Column X.com.entitlements"; sourceTree = "<group>"; };
		1F67084D2D8A67D500B8137F /* Clean Column X.com Extension.appex */ = {isa = PBXFileReference; explicitFileType = "wrapper.app-extension"; includeInIndex = 0; path = "Clean Column X.com Extension.appex"; sourceTree = BUILT_PRODUCTS_DIR; };
		1F6708522D8A67D500B8137F /* Info.plist */ = {isa = PBXFileReference; lastKnownFileType = text.plist.xml; path = Info.plist; sourceTree = "<group>"; };
		1F6708572D8A67D500B8137F /* Clean Column X.com Extension.appex */ = {isa = PBXFileReference; explicitFileType = "wrapper.app-extension"; includeInIndex = 0; path = "Clean Column X.com Extension.appex"; sourceTree = BUILT_PRODUCTS_DIR; };
		1F67085C2D8A67D500B8137F /* Info.plist */ = {isa = PBXFileReference; lastKnownFileType = text.plist.xml; path = Info.plist; sourceTree = "<group>"; };
		1F67085D2D8A67D500B8137F /* Clean Column X.com.entitlements */ = {isa = PBXFileReference; lastKnownFileType = text.plist.entitlements; path = "Clean Column X.com.entitlements"; sourceTree = "<group>"; };
		1F67087D2D8A67D500B8137F /* styles.css */ = {isa = PBXFileReference; lastKnownFileType = text.css; name = styles.css; path = "../../../chrome-firefox/styles.css"; sourceTree = "<group>"; };
		1F67087E2D8A67D500B8137F /* icons */ = {isa = PBXFileReference; lastKnownFileType = folder; name = icons; path = "../../../chrome-firefox/icons"; sourceTree = "<group>"; };
		1F67087F2D8A67D500B8137F /* manifest.json */ = {isa = PBXFileReference; lastKnownFileType = text.json; name = manifest.json; path = "../../../chrome-firefox/manifest.json"; sourceTree = "<group>"; };
		1F6708802D8A67D500B8137F /* LICENSE.txt */ = {isa = PBXFileReference; lastKnownFileType = text; name = LICENSE.txt; path = "../../../chrome-firefox/LICENSE.txt"; sourceTree = "<group>"; };
/* End PBXFileReference section */

/* Begin PBXFrameworksBuildPhase section */
		1F67082B2D8A67D500B8137F /* Frameworks */ = {
			isa = PBXFrameworksBuildPhase;
			buildActionMask = 2147483647;
			files = (
			);
			runOnlyForDeploymentPostprocessing = 0;
		};
		1F67083D2D8A67D500B8137F /* Frameworks */ = {
			isa = PBXFrameworksBuildPhase;
			buildActionMask = 2147483647;
			files = (
			);
			runOnlyForDeploymentPostprocessing = 0;
		};
		1F67084A2D8A67D500B8137F /* Frameworks */ = {
			isa = PBXFrameworksBuildPhase;
			buildActionMask = 2147483647;
			files = (
			);
			runOnlyForDeploymentPostprocessing = 0;
		};
		1F6708542D8A67D500B8137F /* Frameworks */ = {
			isa = PBXFrameworksBuildPhase;
			buildActionMask = 2147483647;
			files = (
			);
			runOnlyForDeploymentPostprocessing = 0;
		};
/* End PBXFrameworksBuildPhase section */

/* Begin PBXGroup section */
		1F67081A2D8A67D500B8137F = {
			isa = PBXGroup;
			children = (
				1F67081F2D8A67D500B8137F /* Shared (App) */,
				1F6708282D8A67D500B8137F /* Shared (Extension) */,
				1F6708302D8A67D500B8137F /* iOS (App) */,
				1F6708412D8A67D500B8137F /* macOS (App) */,
				1F6708512D8A67D500B8137F /* iOS (Extension) */,
				1F67085B2D8A67D500B8137F /* macOS (Extension) */,
				1F67082F2D8A67D500B8137F /* Products */,
			);
			sourceTree = "<group>";
		};
		1F67081F2D8A67D500B8137F /* Shared (App) */ = {
			isa = PBXGroup;
			children = (
				1F6708262D8A67D500B8137F /* ViewController.swift */,
				1F6708272D8A67D500B8137F /* Assets.xcassets */,
				1F6708202D8A67D500B8137F /* Resources */,
			);
			path = "Shared (App)";
			sourceTree = "<group>";
		};
		1F6708202D8A67D500B8137F /* Resources */ = {
			isa = PBXGroup;
			children = (
				1F6708212D8A67D500B8137F /* Main.html */,
				1F6708232D8A67D500B8137F /* Icon.png */,
				1F6708242D8A67D500B8137F /* Style.css */,
				1F6708252D8A67D500B8137F /* Script.js */,
			);
			path = Resources;
			sourceTree = "<group>";
		};
		1F6708282D8A67D500B8137F /* Shared (Extension) */ = {
			isa = PBXGroup;
			children = (
				1F67087C2D8A67D500B8137F /* Resources */,
				1F6708292D8A67D500B8137F /* SafariWebExtensionHandler.swift */,
			);
			path = "Shared (Extension)";
			sourceTree = "<group>";
		};
		1F67082F2D8A67D500B8137F /* Products */ = {
			isa = PBXGroup;
			children = (
				1F67082E2D8A67D500B8137F /* Clean Column X.com.app */,
				1F6708402D8A67D500B8137F /* Clean Column X.com.app */,
				1F67084D2D8A67D500B8137F /* Clean Column X.com Extension.appex */,
				1F6708572D8A67D500B8137F /* Clean Column X.com Extension.appex */,
			);
			name = Products;
			sourceTree = "<group>";
		};
		1F6708302D8A67D500B8137F /* iOS (App) */ = {
			isa = PBXGroup;
			children = (
				1F6708312D8A67D500B8137F /* AppDelegate.swift */,
				1F6708332D8A67D500B8137F /* SceneDelegate.swift */,
				1F6708352D8A67D500B8137F /* LaunchScreen.storyboard */,
				1F6708382D8A67D500B8137F /* Main.storyboard */,
				1F67083B2D8A67D500B8137F /* Info.plist */,
			);
			path = "iOS (App)";
			sourceTree = "<group>";
		};
		1F6708412D8A67D500B8137F /* macOS (App) */ = {
			isa = PBXGroup;
			children = (
				1F6708422D8A67D500B8137F /* AppDelegate.swift */,
				1F6708442D8A67D500B8137F /* Main.storyboard */,
				1F6708472D8A67D500B8137F /* Info.plist */,
				1F6708482D8A67D500B8137F /* Clean Column X.com.entitlements */,
			);
			path = "macOS (App)";
			sourceTree = "<group>";
		};
		1F6708512D8A67D500B8137F /* iOS (Extension) */ = {
			isa = PBXGroup;
			children = (
				1F6708522D8A67D500B8137F /* Info.plist */,
			);
			path = "iOS (Extension)";
			sourceTree = "<group>";
		};
		1F67085B2D8A67D500B8137F /* macOS (Extension) */ = {
			isa = PBXGroup;
			children = (
				1F67085C2D8A67D500B8137F /* Info.plist */,
				1F67085D2D8A67D500B8137F /* Clean Column X.com.entitlements */,
			);
			path = "macOS (Extension)";
			sourceTree = "<group>";
		};
		1F67087C2D8A67D500B8137F /* Resources */ = {
			isa = PBXGroup;
			children = (
				1F67087D2D8A67D500B8137F /* styles.css */,
				1F67087E2D8A67D500B8137F /* icons */,
				1F67087F2D8A67D500B8137F /* manifest.json */,
				1F6708802D8A67D500B8137F /* LICENSE.txt */,
			);
			name = Resources;
			path = "Shared (Extension)";
			sourceTree = SOURCE_ROOT;
		};
/* End PBXGroup section */

/* Begin PBXNativeTarget section */
		1F67082D2D8A67D500B8137F /* Clean Column X.com (iOS) */ = {
			isa = PBXNativeTarget;
			buildConfigurationList = 1F6708722D8A67D500B8137F /* Build configuration list for PBXNativeTarget "Clean Column X.com (iOS)" */;
			buildPhases = (
				1F67082A2D8A67D500B8137F /* Sources */,
				1F67082B2D8A67D500B8137F /* Frameworks */,
				1F67082C2D8A67D500B8137F /* Resources */,
				1F6708712D8A67D500B8137F /* Embed Foundation Extensions */,
			);
			buildRules = (
			);
			dependencies = (
				1F6708502D8A67D500B8137F /* PBXTargetDependency */,
			);
			name = "Clean Column X.com (iOS)";
			packageProductDependencies = (
			);
			productName = "Clean Column X.com (iOS)";
			productReference = 1F67082E2D8A67D500B8137F /* Clean Column X.com.app */;
			productType = "com.apple.product-type.application";
		};
		1F67083F2D8A67D500B8137F /* Clean Column X.com (macOS) */ = {
			isa = PBXNativeTarget;
			buildConfigurationList = 1F6708792D8A67D500B8137F /* Build configuration list for PBXNativeTarget "Clean Column X.com (macOS)" */;
			buildPhases = (
				1F67083C2D8A67D500B8137F /* Sources */,
				1F67083D2D8A67D500B8137F /* Frameworks */,
				1F67083E2D8A67D500B8137F /* Resources */,
				1F6708782D8A67D500B8137F /* Embed Foundation Extensions */,
			);
			buildRules = (
			);
			dependencies = (
				1F67085A2D8A67D500B8137F /* PBXTargetDependency */,
			);
			name = "Clean Column X.com (macOS)";
			packageProductDependencies = (
			);
			productName = "Clean Column X.com (macOS)";
			productReference = 1F6708402D8A67D500B8137F /* Clean Column X.com.app */;
			productType = "com.apple.product-type.application";
		};
		1F67084C2D8A67D500B8137F /* Clean Column X.com Extension (iOS) */ = {
			isa = PBXNativeTarget;
			buildConfigurationList = 1F67086E2D8A67D500B8137F /* Build configuration list for PBXNativeTarget "Clean Column X.com Extension (iOS)" */;
			buildPhases = (
				1F6708492D8A67D500B8137F /* Sources */,
				1F67084A2D8A67D500B8137F /* Frameworks */,
				1F67084B2D8A67D500B8137F /* Resources */,
			);
			buildRules = (
			);
			dependencies = (
			);
			name = "Clean Column X.com Extension (iOS)";
			packageProductDependencies = (
			);
			productName = "Clean Column X.com Extension (iOS)";
			productReference = 1F67084D2D8A67D500B8137F /* Clean Column X.com Extension.appex */;
			productType = "com.apple.product-type.app-extension";
		};
		1F6708562D8A67D500B8137F /* Clean Column X.com Extension (macOS) */ = {
			isa = PBXNativeTarget;
			buildConfigurationList = 1F6708752D8A67D500B8137F /* Build configuration list for PBXNativeTarget "Clean Column X.com Extension (macOS)" */;
			buildPhases = (
				1F6708532D8A67D500B8137F /* Sources */,
				1F6708542D8A67D500B8137F /* Frameworks */,
				1F6708552D8A67D500B8137F /* Resources */,
			);
			buildRules = (
			);
			dependencies = (
			);
			name = "Clean Column X.com Extension (macOS)";
			packageProductDependencies = (
			);
			productName = "Clean Column X.com Extension (macOS)";
			productReference = 1F6708572D8A67D500B8137F /* Clean Column X.com Extension.appex */;
			productType = "com.apple.product-type.app-extension";
		};
/* End PBXNativeTarget section */

/* Begin PBXProject section */
		1F67081B2D8A67D500B8137F /* Project object */ = {
			isa = PBXProject;
			attributes = {
				BuildIndependentTargetsInParallel = 1;
				LastSwiftUpdateCheck = 1620;
				LastUpgradeCheck = 1620;
				TargetAttributes = {
					1F67082D2D8A67D500B8137F = {
						CreatedOnToolsVersion = 16.2;
					};
					1F67083F2D8A67D500B8137F = {
						CreatedOnToolsVersion = 16.2;
					};
					1F67084C2D8A67D500B8137F = {
						CreatedOnToolsVersion = 16.2;
					};
					1F6708562D8A67D500B8137F = {
						CreatedOnToolsVersion = 16.2;
					};
				};
			};
			buildConfigurationList = 1F67081E2D8A67D500B8137F /* Build configuration list for PBXProject "Clean Column X.com" */;
			developmentRegion = en;
			hasScannedForEncodings = 0;
			knownRegions = (
				en,
				Base,
			);
			mainGroup = 1F67081A2D8A67D500B8137F;
			minimizedProjectReferenceProxies = 1;
			preferredProjectObjectVersion = 77;
			productRefGroup = 1F67082F2D8A67D500B8137F /* Products */;
			projectDirPath = "";
			projectRoot = "";
			targets = (
				1F67082D2D8A67D500B8137F /* Clean Column X.com (iOS) */,
				1F67083F2D8A67D500B8137F /* Clean Column X.com (macOS) */,
				1F67084C2D8A67D500B8137F /* Clean Column X.com Extension (iOS) */,
				1F6708562D8A67D500B8137F /* Clean Column X.com Extension (macOS) */,
			);
		};
/* End PBXProject section */

/* Begin PBXResourcesBuildPhase section */
		1F67082C2D8A67D500B8137F /* Resources */ = {
			isa = PBXResourcesBuildPhase;
			buildActionMask = 2147483647;
			files = (
				1F6708602D8A67D500B8137F /* Icon.png in Resources */,
				1F6708372D8A67D500B8137F /* LaunchScreen.storyboard in Resources */,
				1F67085E2D8A67D500B8137F /* Main.html in Resources */,
				1F6708642D8A67D500B8137F /* Script.js in Resources */,
				1F6708682D8A67D500B8137F /* Assets.xcassets in Resources */,
				1F67083A2D8A67D500B8137F /* Main.storyboard in Resources */,
				1F6708622D8A67D500B8137F /* Style.css in Resources */,
			);
			runOnlyForDeploymentPostprocessing = 0;
		};
		1F67083E2D8A67D500B8137F /* Resources */ = {
			isa = PBXResourcesBuildPhase;
			buildActionMask = 2147483647;
			files = (
				1F6708612D8A67D500B8137F /* Icon.png in Resources */,
				1F6708632D8A67D500B8137F /* Style.css in Resources */,
				1F6708462D8A67D500B8137F /* Main.storyboard in Resources */,
				1F6708652D8A67D500B8137F /* Script.js in Resources */,
				1F6708692D8A67D500B8137F /* Assets.xcassets in Resources */,
				1F67085F2D8A67D500B8137F /* Main.html in Resources */,
			);
			runOnlyForDeploymentPostprocessing = 0;
		};
		1F67084B2D8A67D500B8137F /* Resources */ = {
			isa = PBXResourcesBuildPhase;
			buildActionMask = 2147483647;
			files = (
				1F6708882D8A67D500B8137F /* LICENSE.txt in Resources */,
				1F6708852D8A67D500B8137F /* styles.css in Resources */,
				1F6708872D8A67D500B8137F /* manifest.json in Resources */,
				1F6708862D8A67D500B8137F /* icons in Resources */,
			);
			runOnlyForDeploymentPostprocessing = 0;
		};
		1F6708552D8A67D500B8137F /* Resources */ = {
			isa = PBXResourcesBuildPhase;
			buildActionMask = 2147483647;
			files = (
				1F6708842D8A67D500B8137F /* LICENSE.txt in Resources */,
				1F6708812D8A67D500B8137F /* styles.css in Resources */,
				1F6708832D8A67D500B8137F /* manifest.json in Resources */,
				1F6708822D8A67D500B8137F /* icons in Resources */,
			);
			runOnlyForDeploymentPostprocessing = 0;
		};
/* End PBXResourcesBuildPhase section */

/* Begin PBXSourcesBuildPhase section */
		1F67082A2D8A67D500B8137F /* Sources */ = {
			isa = PBXSourcesBuildPhase;
			buildActionMask = 2147483647;
			files = (
				1F6708662D8A67D500B8137F /* ViewController.swift in Sources */,
				1F6708322D8A67D500B8137F /* AppDelegate.swift in Sources */,
				1F6708342D8A67D500B8137F /* SceneDelegate.swift in Sources */,
			);
			runOnlyForDeploymentPostprocessing = 0;
		};
		1F67083C2D8A67D500B8137F /* Sources */ = {
			isa = PBXSourcesBuildPhase;
			buildActionMask = 2147483647;
			files = (
				1F6708672D8A67D500B8137F /* ViewController.swift in Sources */,
				1F6708432D8A67D500B8137F /* AppDelegate.swift in Sources */,
			);
			runOnlyForDeploymentPostprocessing = 0;
		};
		1F6708492D8A67D500B8137F /* Sources */ = {
			isa = PBXSourcesBuildPhase;
			buildActionMask = 2147483647;
			files = (
				1F67086A2D8A67D500B8137F /* SafariWebExtensionHandler.swift in Sources */,
			);
			runOnlyForDeploymentPostprocessing = 0;
		};
		1F6708532D8A67D500B8137F /* Sources */ = {
			isa = PBXSourcesBuildPhase;
			buildActionMask = 2147483647;
			files = (
				1F67086B2D8A67D500B8137F /* SafariWebExtensionHandler.swift in Sources */,
			);
			runOnlyForDeploymentPostprocessing = 0;
		};
/* End PBXSourcesBuildPhase section */

/* Begin PBXTargetDependency section */
		1F6708502D8A67D500B8137F /* PBXTargetDependency */ = {
			isa = PBXTargetDependency;
			target = 1F67084C2D8A67D500B8137F /* Clean Column X.com Extension (iOS) */;
			targetProxy = 1F67084F2D8A67D500B8137F /* PBXContainerItemProxy */;
		};
		1F67085A2D8A67D500B8137F /* PBXTargetDependency */ = {
			isa = PBXTargetDependency;
			target = 1F6708562D8A67D500B8137F /* Clean Column X.com Extension (macOS) */;
			targetProxy = 1F6708592D8A67D500B8137F /* PBXContainerItemProxy */;
		};
/* End PBXTargetDependency section */

/* Begin PBXVariantGroup section */
		1F6708212D8A67D500B8137F /* Main.html */ = {
			isa = PBXVariantGroup;
			children = (
				1F6708222D8A67D500B8137F /* Base */,
			);
			name = Main.html;
			sourceTree = "<group>";
		};
		1F6708352D8A67D500B8137F /* LaunchScreen.storyboard */ = {
			isa = PBXVariantGroup;
			children = (
				1F6708362D8A67D500B8137F /* Base */,
			);
			name = LaunchScreen.storyboard;
			sourceTree = "<group>";
		};
		1F6708382D8A67D500B8137F /* Main.storyboard */ = {
			isa = PBXVariantGroup;
			children = (
				1F6708392D8A67D500B8137F /* Base */,
			);
			name = Main.storyboard;
			sourceTree = "<group>";
		};
		1F6708442D8A67D500B8137F /* Main.storyboard */ = {
			isa = PBXVariantGroup;
			children = (
				1F6708452D8A67D500B8137F /* Base */,
			);
			name = Main.storyboard;
			sourceTree = "<group>";
		};
/* End PBXVariantGroup section */

/* Begin XCBuildConfiguration section */
		1F67086C2D8A67D500B8137F /* Debug */ = {
			isa = XCBuildConfiguration;
			buildSettings = {
				ALWAYS_SEARCH_USER_PATHS = NO;
				ASSETCATALOG_COMPILER_GENERATE_SWIFT_ASSET_SYMBOL_EXTENSIONS = YES;
				CLANG_ANALYZER_NONNULL = YES;
				CLANG_ANALYZER_NUMBER_OBJECT_CONVERSION = YES_AGGRESSIVE;
				CLANG_CXX_LANGUAGE_STANDARD = "gnu++20";
				CLANG_ENABLE_MODULES = YES;
				CLANG_ENABLE_OBJC_ARC = YES;
				CLANG_ENABLE_OBJC_WEAK = YES;
				CLANG_WARN_BLOCK_CAPTURE_AUTORELEASING = YES;
				CLANG_WARN_BOOL_CONVERSION = YES;
				CLANG_WARN_COMMA = YES;
				CLANG_WARN_CONSTANT_CONVERSION = YES;
				CLANG_WARN_DEPRECATED_OBJC_IMPLEMENTATIONS = YES;
				CLANG_WARN_DIRECT_OBJC_ISA_USAGE = YES_ERROR;
				CLANG_WARN_DOCUMENTATION_COMMENTS = YES;
				CLANG_WARN_EMPTY_BODY = YES;
				CLANG_WARN_ENUM_CONVERSION = YES;
				CLANG_WARN_INFINITE_RECURSION = YES;
				CLANG_WARN_INT_CONVERSION = YES;
				CLANG_WARN_NON_LITERAL_NULL_CONVERSION = YES;
				CLANG_WARN_OBJC_IMPLICIT_RETAIN_SELF = YES;
				CLANG_WARN_OBJC_LITERAL_CONVERSION = YES;
				CLANG_WARN_OBJC_ROOT_CLASS = YES_ERROR;
				CLANG_WARN_QUOTED_INCLUDE_IN_FRAMEWORK_HEADER = YES;
				CLANG_WARN_RANGE_LOOP_ANALYSIS = YES;
				CLANG_WARN_STRICT_PROTOTYPES = YES;
				CLANG_WARN_SUSPICIOUS_MOVE = YES;
				CLANG_WARN_UNGUARDED_AVAILABILITY = YES_AGGRESSIVE;
				CLANG_WARN_UNREACHABLE_CODE = YES;
				CLANG_WARN__DUPLICATE_METHOD_MATCH = YES;
				COPY_PHASE_STRIP = NO;
				DEBUG_INFORMATION_FORMAT = dwarf;
				ENABLE_STRICT_OBJC_MSGSEND = YES;
				ENABLE_TESTABILITY = YES;
				ENABLE_USER_SCRIPT_SANDBOXING = YES;
				GCC_C_LANGUAGE_STANDARD = gnu17;
				GCC_DYNAMIC_NO_PIC = NO;
				GCC_NO_COMMON_BLOCKS = YES;
				GCC_OPTIMIZATION_LEVEL = 0;
				GCC_PREPROCESSOR_DEFINITIONS = (
					"DEBUG=1",
					"$(inherited)",
				);
				GCC_WARN_64_TO_32_BIT_CONVERSION = YES;
				GCC_WARN_ABOUT_RETURN_TYPE = YES_ERROR;
				GCC_WARN_UNDECLARED_SELECTOR = YES;
				GCC_WARN_UNINITIALIZED_AUTOS = YES_AGGRESSIVE;
				GCC_WARN_UNUSED_FUNCTION = YES;
				GCC_WARN_UNUSED_VARIABLE = YES;
				LOCALIZATION_PREFERS_STRING_CATALOGS = YES;
				MTL_ENABLE_DEBUG_INFO = INCLUDE_SOURCE;
				MTL_FAST_MATH = YES;
				ONLY_ACTIVE_ARCH = YES;
				SWIFT_ACTIVE_COMPILATION_CONDITIONS = "DEBUG $(inherited)";
				SWIFT_OPTIMIZATION_LEVEL = "-Onone";
			};
			name = Debug;
		};
		1F67086D2D8A67D500B8137F /* Release */ = {
			isa = XCBuildConfiguration;
			buildSettings = {
				ALWAYS_SEARCH_USER_PATHS = NO;
				ASSETCATALOG_COMPILER_GENERATE_SWIFT_ASSET_SYMBOL_EXTENSIONS = YES;
				CLANG_ANALYZER_NONNULL = YES;
				CLANG_ANALYZER_NUMBER_OBJECT_CONVERSION = YES_AGGRESSIVE;
				CLANG_CXX_LANGUAGE_STANDARD = "gnu++20";
				CLANG_ENABLE_MODULES = YES;
				CLANG_ENABLE_OBJC_ARC = YES;
				CLANG_ENABLE_OBJC_WEAK = YES;
				CLANG_WARN_BLOCK_CAPTURE_AUTORELEASING = YES;
				CLANG_WARN_BOOL_CONVERSION = YES;
				CLANG_WARN_COMMA = YES;
				CLANG_WARN_CONSTANT_CONVERSION = YES;
				CLANG_WARN_DEPRECATED_OBJC_IMPLEMENTATIONS = YES;
				CLANG_WARN_DIRECT_OBJC_ISA_USAGE = YES_ERROR;
				CLANG_WARN_DOCUMENTATION_COMMENTS = YES;
				CLANG_WARN_EMPTY_BODY = YES;
				CLANG_WARN_ENUM_CONVERSION = YES;
				CLANG_WARN_INFINITE_RECURSION = YES;
				CLANG_WARN_INT_CONVERSION = YES;
				CLANG_WARN_NON_LITERAL_NULL_CONVERSION = YES;
				CLANG_WARN_OBJC_IMPLICIT_RETAIN_SELF = YES;
				CLANG_WARN_OBJC_LITERAL_CONVERSION = YES;
				CLANG_WARN_OBJC_ROOT_CLASS = YES_ERROR;
				CLANG_WARN_QUOTED_INCLUDE_IN_FRAMEWORK_HEADER = YES;
				CLANG_WARN_RANGE_LOOP_ANALYSIS = YES;
				CLANG_WARN_STRICT_PROTOTYPES = YES;
				CLANG_WARN_SUSPICIOUS_MOVE = YES;
				CLANG_WARN_UNGUARDED_AVAILABILITY = YES_AGGRESSIVE;
				CLANG_WARN_UNREACHABLE_CODE = YES;
				CLANG_WARN__DUPLICATE_METHOD_MATCH = YES;
				COPY_PHASE_STRIP = NO;
				DEBUG_INFORMATION_FORMAT = "dwarf-with-dsym";
				ENABLE_NS_ASSERTIONS = NO;
				ENABLE_STRICT_OBJC_MSGSEND = YES;
				ENABLE_USER_SCRIPT_SANDBOXING = YES;
				GCC_C_LANGUAGE_STANDARD = gnu17;
				GCC_NO_COMMON_BLOCKS = YES;
				GCC_WARN_64_TO_32_BIT_CONVERSION = YES;
				GCC_WARN_ABOUT_RETURN_TYPE = YES_ERROR;
				GCC_WARN_UNDECLARED_SELECTOR = YES;
				GCC_WARN_UNINITIALIZED_AUTOS = YES_AGGRESSIVE;
				GCC_WARN_UNUSED_FUNCTION = YES;
				GCC_WARN_UNUSED_VARIABLE = YES;
				LOCALIZATION_PREFERS_STRING_CATALOGS = YES;
				MTL_ENABLE_DEBUG_INFO = NO;
				MTL_FAST_MATH = YES;
				SWIFT_COMPILATION_MODE = wholemodule;
			};
			name = Release;
		};
		1F67086F2D8A67D500B8137F /* Debug */ = {
			isa = XCBuildConfiguration;
			buildSettings = {
				CODE_SIGN_STYLE = Automatic;
				CURRENT_PROJECT_VERSION = 1;
				DEVELOPMENT_TEAM = 66592HUJRV;
				GENERATE_INFOPLIST_FILE = YES;
				INFOPLIST_FILE = "iOS (Extension)/Info.plist";
				INFOPLIST_KEY_CFBundleDisplayName = "Clean Column X.com Extension";
				INFOPLIST_KEY_NSHumanReadableCopyright = "";
				IPHONEOS_DEPLOYMENT_TARGET = 15.0;
				LD_RUNPATH_SEARCH_PATHS = (
					"$(inherited)",
					"@executable_path/Frameworks",
					"@executable_path/../../Frameworks",
				);
				MARKETING_VERSION = 1.0;
				OTHER_LDFLAGS = (
					"-framework",
					SafariServices,
				);
				PRODUCT_BUNDLE_IDENTIFIER = "com.jeffkeeling.Clean-Column-X-com.Extension";
				PRODUCT_NAME = "Clean Column X.com Extension";
				SDKROOT = iphoneos;
				SKIP_INSTALL = YES;
				SWIFT_EMIT_LOC_STRINGS = YES;
				SWIFT_VERSION = 5.0;
				TARGETED_DEVICE_FAMILY = "1,2";
			};
			name = Debug;
		};
		1F6708702D8A67D500B8137F /* Release */ = {
			isa = XCBuildConfiguration;
			buildSettings = {
				CODE_SIGN_STYLE = Automatic;
				CURRENT_PROJECT_VERSION = 1;
				DEVELOPMENT_TEAM = 66592HUJRV;
				GENERATE_INFOPLIST_FILE = YES;
				INFOPLIST_FILE = "iOS (Extension)/Info.plist";
				INFOPLIST_KEY_CFBundleDisplayName = "Clean Column X.com Extension";
				INFOPLIST_KEY_NSHumanReadableCopyright = "";
				IPHONEOS_DEPLOYMENT_TARGET = 15.0;
				LD_RUNPATH_SEARCH_PATHS = (
					"$(inherited)",
					"@executable_path/Frameworks",
					"@executable_path/../../Frameworks",
				);
				MARKETING_VERSION = 1.0;
				OTHER_LDFLAGS = (
					"-framework",
					SafariServices,
				);
				PRODUCT_BUNDLE_IDENTIFIER = "com.jeffkeeling.Clean-Column-X-com.Extension";
				PRODUCT_NAME = "Clean Column X.com Extension";
				SDKROOT = iphoneos;
				SKIP_INSTALL = YES;
				SWIFT_EMIT_LOC_STRINGS = YES;
				SWIFT_VERSION = 5.0;
				TARGETED_DEVICE_FAMILY = "1,2";
				VALIDATE_PRODUCT = YES;
			};
			name = Release;
		};
		1F6708732D8A67D500B8137F /* Debug */ = {
			isa = XCBuildConfiguration;
			buildSettings = {
				ASSETCATALOG_COMPILER_APPICON_NAME = AppIcon;
				ASSETCATALOG_COMPILER_GLOBAL_ACCENT_COLOR_NAME = AccentColor;
				CODE_SIGN_STYLE = Automatic;
				CURRENT_PROJECT_VERSION = 1;
				DEVELOPMENT_TEAM = 66592HUJRV;
				GENERATE_INFOPLIST_FILE = YES;
				INFOPLIST_FILE = "iOS (App)/Info.plist";
				INFOPLIST_KEY_CFBundleDisplayName = "Clean Column X.com";
				INFOPLIST_KEY_ITSAppUsesNonExemptEncryption = NO;
				INFOPLIST_KEY_UIApplicationSupportsIndirectInputEvents = YES;
				INFOPLIST_KEY_UILaunchStoryboardName = LaunchScreen;
				INFOPLIST_KEY_UIMainStoryboardFile = Main;
				INFOPLIST_KEY_UISupportedInterfaceOrientations = "UIInterfaceOrientationPortrait UIInterfaceOrientationLandscapeLeft UIInterfaceOrientationLandscapeRight";
				INFOPLIST_KEY_UISupportedInterfaceOrientations_iPad = "UIInterfaceOrientationPortrait UIInterfaceOrientationPortraitUpsideDown UIInterfaceOrientationLandscapeLeft UIInterfaceOrientationLandscapeRight";
				IPHONEOS_DEPLOYMENT_TARGET = 15.0;
				LD_RUNPATH_SEARCH_PATHS = (
					"$(inherited)",
					"@executable_path/Frameworks",
				);
				MARKETING_VERSION = 1.0;
				OTHER_LDFLAGS = (
					"-framework",
					SafariServices,
					"-framework",
					WebKit,
				);
				PRODUCT_BUNDLE_IDENTIFIER = "com.jeffkeeling.Clean-Column-X-com";
				PRODUCT_NAME = "Clean Column X.com";
				SDKROOT = iphoneos;
				SWIFT_EMIT_LOC_STRINGS = YES;
				SWIFT_VERSION = 5.0;
				TARGETED_DEVICE_FAMILY = "1,2";
			};
			name = Debug;
		};
		1F6708742D8A67D500B8137F /* Release */ = {
			isa = XCBuildConfiguration;
			buildSettings = {
				ASSETCATALOG_COMPILER_APPICON_NAME = AppIcon;
				ASSETCATALOG_COMPILER_GLOBAL_ACCENT_COLOR_NAME = AccentColor;
				CODE_SIGN_STYLE = Automatic;
				CURRENT_PROJECT_VERSION = 1;
				DEVELOPMENT_TEAM = 66592HUJRV;
				GENERATE_INFOPLIST_FILE = YES;
				INFOPLIST_FILE = "iOS (App)/Info.plist";
				INFOPLIST_KEY_CFBundleDisplayName = "Clean Column X.com";
				INFOPLIST_KEY_ITSAppUsesNonExemptEncryption = NO;
				INFOPLIST_KEY_UIApplicationSupportsIndirectInputEvents = YES;
				INFOPLIST_KEY_UILaunchStoryboardName = LaunchScreen;
				INFOPLIST_KEY_UIMainStoryboardFile = Main;
				INFOPLIST_KEY_UISupportedInterfaceOrientations = "UIInterfaceOrientationPortrait UIInterfaceOrientationLandscapeLeft UIInterfaceOrientationLandscapeRight";
				INFOPLIST_KEY_UISupportedInterfaceOrientations_iPad = "UIInterfaceOrientationPortrait UIInterfaceOrientationPortraitUpsideDown UIInterfaceOrientationLandscapeLeft UIInterfaceOrientationLandscapeRight";
				IPHONEOS_DEPLOYMENT_TARGET = 15.0;
				LD_RUNPATH_SEARCH_PATHS = (
					"$(inherited)",
					"@executable_path/Frameworks",
				);
				MARKETING_VERSION = 1.0;
				OTHER_LDFLAGS = (
					"-framework",
					SafariServices,
					"-framework",
					WebKit,
				);
				PRODUCT_BUNDLE_IDENTIFIER = "com.jeffkeeling.Clean-Column-X-com";
				PRODUCT_NAME = "Clean Column X.com";
				SDKROOT = iphoneos;
				SWIFT_EMIT_LOC_STRINGS = YES;
				SWIFT_VERSION = 5.0;
				TARGETED_DEVICE_FAMILY = "1,2";
				VALIDATE_PRODUCT = YES;
			};
			name = Release;
		};
		1F6708762D8A67D500B8137F /* Debug */ = {
			isa = XCBuildConfiguration;
			buildSettings = {
				CODE_SIGN_ENTITLEMENTS = "macOS (Extension)/Clean Column X.com.entitlements";
				CODE_SIGN_STYLE = Automatic;
				CURRENT_PROJECT_VERSION = 1;
				DEVELOPMENT_TEAM = 66592HUJRV;
				ENABLE_HARDENED_RUNTIME = YES;
				GENERATE_INFOPLIST_FILE = YES;
				INFOPLIST_FILE = "macOS (Extension)/Info.plist";
				INFOPLIST_KEY_CFBundleDisplayName = "Clean Column X.com Extension";
				INFOPLIST_KEY_NSHumanReadableCopyright = "";
				LD_RUNPATH_SEARCH_PATHS = (
					"$(inherited)",
					"@executable_path/../Frameworks",
					"@executable_path/../../../../Frameworks",
				);
				MACOSX_DEPLOYMENT_TARGET = 10.14;
				MARKETING_VERSION = 1.0;
				OTHER_LDFLAGS = (
					"-framework",
					SafariServices,
				);
				PRODUCT_BUNDLE_IDENTIFIER = "com.jeffkeeling.Clean-Column-X-com.Extension";
				PRODUCT_NAME = "Clean Column X.com Extension";
				SDKROOT = macosx;
				SKIP_INSTALL = YES;
				SWIFT_EMIT_LOC_STRINGS = YES;
				SWIFT_VERSION = 5.0;
			};
			name = Debug;
		};
		1F6708772D8A67D500B8137F /* Release */ = {
			isa = XCBuildConfiguration;
			buildSettings = {
				CODE_SIGN_ENTITLEMENTS = "macOS (Extension)/Clean Column X.com.entitlements";
				CODE_SIGN_STYLE = Automatic;
				CURRENT_PROJECT_VERSION = 1;
				DEVELOPMENT_TEAM = 66592HUJRV;
				ENABLE_HARDENED_RUNTIME = YES;
				GENERATE_INFOPLIST_FILE = YES;
				INFOPLIST_FILE = "macOS (Extension)/Info.plist";
				INFOPLIST_KEY_CFBundleDisplayName = "Clean Column X.com Extension";
				INFOPLIST_KEY_NSHumanReadableCopyright = "";
				LD_RUNPATH_SEARCH_PATHS = (
					"$(inherited)",
					"@executable_path/../Frameworks",
					"@executable_path/../../../../Frameworks",
				);
				MACOSX_DEPLOYMENT_TARGET = 10.14;
				MARKETING_VERSION = 1.0;
				OTHER_LDFLAGS = (
					"-framework",
					SafariServices,
				);
				PRODUCT_BUNDLE_IDENTIFIER = "com.jeffkeeling.Clean-Column-X-com.Extension";
				PRODUCT_NAME = "Clean Column X.com Extension";
				SDKROOT = macosx;
				SKIP_INSTALL = YES;
				SWIFT_EMIT_LOC_STRINGS = YES;
				SWIFT_VERSION = 5.0;
			};
			name = Release;
		};
		1F67087A2D8A67D500B8137F /* Debug */ = {
			isa = XCBuildConfiguration;
			buildSettings = {
				ASSETCATALOG_COMPILER_APPICON_NAME = AppIcon;
				ASSETCATALOG_COMPILER_GLOBAL_ACCENT_COLOR_NAME = AccentColor;
				CODE_SIGN_ENTITLEMENTS = "macOS (App)/Clean Column X.com.entitlements";
				CODE_SIGN_STYLE = Automatic;
				CURRENT_PROJECT_VERSION = 1;
				DEVELOPMENT_TEAM = 66592HUJRV;
				ENABLE_HARDENED_RUNTIME = YES;
				GENERATE_INFOPLIST_FILE = YES;
				INFOPLIST_FILE = "macOS (App)/Info.plist";
				INFOPLIST_KEY_CFBundleDisplayName = "Clean Column X.com";
				INFOPLIST_KEY_ITSAppUsesNonExemptEncryption = NO;
				INFOPLIST_KEY_LSApplicationCategoryType = "public.app-category.utilities";
				INFOPLIST_KEY_NSMainStoryboardFile = Main;
				INFOPLIST_KEY_NSPrincipalClass = NSApplication;
				LD_RUNPATH_SEARCH_PATHS = (
					"$(inherited)",
					"@executable_path/../Frameworks",
				);
				MACOSX_DEPLOYMENT_TARGET = 10.14;
				MARKETING_VERSION = 1.0;
				OTHER_LDFLAGS = (
					"-framework",
					SafariServices,
					"-framework",
					WebKit,
				);
				PRODUCT_BUNDLE_IDENTIFIER = "com.jeffkeeling.Clean-Column-X-com";
				PRODUCT_NAME = "Clean Column X.com";
				SDKROOT = macosx;
				SWIFT_EMIT_LOC_STRINGS = YES;
				SWIFT_VERSION = 5.0;
			};
			name = Debug;
		};
		1F67087B2D8A67D500B8137F /* Release */ = {
			isa = XCBuildConfiguration;
			buildSettings = {
				ASSETCATALOG_COMPILER_APPICON_NAME = AppIcon;
				ASSETCATALOG_COMPILER_GLOBAL_ACCENT_COLOR_NAME = AccentColor;
				CODE_SIGN_ENTITLEMENTS = "macOS (App)/Clean Column X.com.entitlements";
				CODE_SIGN_STYLE = Automatic;
				CURRENT_PROJECT_VERSION = 1;
				DEVELOPMENT_TEAM = 66592HUJRV;
				ENABLE_HARDENED_RUNTIME = YES;
				GENERATE_INFOPLIST_FILE = YES;
				INFOPLIST_FILE = "macOS (App)/Info.plist";
				INFOPLIST_KEY_CFBundleDisplayName = "Clean Column X.com";
				INFOPLIST_KEY_ITSAppUsesNonExemptEncryption = NO;
				INFOPLIST_KEY_LSApplicationCategoryType = "public.app-category.utilities";
				INFOPLIST_KEY_NSMainStoryboardFile = Main;
				INFOPLIST_KEY_NSPrincipalClass = NSApplication;
				LD_RUNPATH_SEARCH_PATHS = (
					"$(inherited)",
					"@executable_path/../Frameworks",
				);
				MACOSX_DEPLOYMENT_TARGET = 10.14;
				MARKETING_VERSION = 1.0;
				OTHER_LDFLAGS = (
					"-framework",
					SafariServices,
					"-framework",
					WebKit,
				);
				PRODUCT_BUNDLE_IDENTIFIER = "com.jeffkeeling.Clean-Column-X-com";
				PRODUCT_NAME = "Clean Column X.com";
				SDKROOT = macosx;
				SWIFT_EMIT_LOC_STRINGS = YES;
				SWIFT_VERSION = 5.0;
			};
			name = Release;
		};
/* End XCBuildConfiguration section */

/* Begin XCConfigurationList section */
		1F67081E2D8A67D500B8137F /* Build configuration list for PBXProject "Clean Column X.com" */ = {
			isa = XCConfigurationList;
			buildConfigurations = (
				1F67086C2D8A67D500B8137F /* Debug */,
				1F67086D2D8A67D500B8137F /* Release */,
			);
			defaultConfigurationIsVisible = 0;
			defaultConfigurationName = Release;
		};
		1F67086E2D8A67D500B8137F /* Build configuration list for PBXNativeTarget "Clean Column X.com Extension (iOS)" */ = {
			isa = XCConfigurationList;
			buildConfigurations = (
				1F67086F2D8A67D500B8137F /* Debug */,
				1F6708702D8A67D500B8137F /* Release */,
			);
			defaultConfigurationIsVisible = 0;
			defaultConfigurationName = Release;
		};
		1F6708722D8A67D500B8137F /* Build configuration list for PBXNativeTarget "Clean Column X.com (iOS)" */ = {
			isa = XCConfigurationList;
			buildConfigurations = (
				1F6708732D8A67D500B8137F /* Debug */,
				1F6708742D8A67D500B8137F /* Release */,
			);
			defaultConfigurationIsVisible = 0;
			defaultConfigurationName = Release;
		};
		1F6708752D8A67D500B8137F /* Build configuration list for PBXNativeTarget "Clean Column X.com Extension (macOS)" */ = {
			isa = XCConfigurationList;
			buildConfigurations = (
				1F6708762D8A67D500B8137F /* Debug */,
				1F6708772D8A67D500B8137F /* Release */,
			);
			defaultConfigurationIsVisible = 0;
			defaultConfigurationName = Release;
		};
		1F6708792D8A67D500B8137F /* Build configuration list for PBXNativeTarget "Clean Column X.com (macOS)" */ = {
			isa = XCConfigurationList;
			buildConfigurations = (
				1F67087A2D8A67D500B8137F /* Debug */,
				1F67087B2D8A67D500B8137F /* Release */,
			);
			defaultConfigurationIsVisible = 0;
			defaultConfigurationName = Release;
		};
/* End XCConfigurationList section */
	};
	rootObject = 1F67081B2D8A67D500B8137F /* Project object */;
}
